
Microsoft Visual Studio Solution File, Format Version 12.00
# Visual Studio 2013
VisualStudioVersion = 12.0.40629.0
MinimumVisualStudioVersion = 10.0.40219.1
Project("{FAE04EC0-301F-11D3-BF4B-00C04F79EFBC}") = "MafiaServerWPF", "MafiaServer\MafiaServerWPF\MafiaServerWPF.csproj", "{3BC97BDD-775C-4B0C-B35C-318B73ED04E1}"
EndProject
Project("{FAE04EC0-301F-11D3-BF4B-00C04F79EFBC}") = "CommonUtils", "CommonUtils\CommonUtils.csproj", "{12981A26-0F5A-408E-8BC9-8881A886117D}"
EndProject
Project("{FAE04EC0-301F-11D3-BF4B-00C04F79EFBC}") = "Test", "Test\Test.csproj", "{C05EE6F8-8703-429D-A1FC-7F862A7F150F}"
EndProject
Project("{FAE04EC0-301F-11D3-BF4B-00C04F79EFBC}") = "TestWPF", "TestWPF\TestWPF.csproj", "{557D2299-D466-4F45-B600-024E9FA84319}"
EndProject
Project("{FAE04EC0-301F-11D3-BF4B-00C04F79EFBC}") = "MafiaClient", "MafiaClient\MafiaClient.csproj", "{DB6B3B02-BF30-4615-B9AF-4AA1CA222C82}"
EndProject
Global
	GlobalSection(SolutionConfigurationPlatforms) = preSolution
		Debug|Any CPU = Debug|Any CPU
		Release|Any CPU = Release|Any CPU
	EndGlobalSection
	GlobalSection(ProjectConfigurationPlatforms) = postSolution
		{3BC97BDD-775C-4B0C-B35C-318B73ED04E1}.Debug|Any CPU.ActiveCfg = Debug|Any CPU
		{3BC97BDD-775C-4B0C-B35C-318B73ED04E1}.Debug|Any CPU.Build.0 = Debug|Any CPU
		{3BC97BDD-775C-4B0C-B35C-318B73ED04E1}.Release|Any CPU.ActiveCfg = Release|Any CPU
		{3BC97BDD-775C-4B0C-B35C-318B73ED04E1}.Release|Any CPU.Build.0 = Release|Any CPU
		{12981A26-0F5A-408E-8BC9-8881A886117D}.Debug|Any CPU.ActiveCfg = Debug|Any CPU
		{12981A26-0F5A-408E-8BC9-8881A886117D}.Debug|Any CPU.Build.0 = Debug|Any CPU
		{12981A26-0F5A-408E-8BC9-8881A886117D}.Release|Any CPU.ActiveCfg = Release|Any CPU
		{12981A26-0F5A-408E-8BC9-8881A886117D}.Release|Any CPU.Build.0 = Release|Any CPU
		{C05EE6F8-8703-429D-A1FC-7F862A7F150F}.Debug|Any CPU.ActiveCfg = Debug|Any CPU
		{C05EE6F8-8703-429D-A1FC-7F862A7F150F}.Debug|Any CPU.Build.0 = Debug|Any CPU
		{C05EE6F8-8703-429D-A1FC-7F862A7F150F}.Release|Any CPU.ActiveCfg = Release|Any CPU
		{C05EE6F8-8703-429D-A1FC-7F862A7F150F}.Release|Any CPU.Build.0 = Release|Any CPU
		{557D2299-D466-4F45-B600-024E9FA84319}.Debug|Any CPU.ActiveCfg = Debug|Any CPU
		{557D2299-D466-4F45-B600-024E9FA84319}.Debug|Any CPU.Build.0 = Debug|Any CPU
		{557D2299-D466-4F45-B600-024E9FA84319}.Release|Any CPU.ActiveCfg = Release|Any CPU
		{557D2299-D466-4F45-B600-024E9FA84319}.Release|Any CPU.Build.0 = Release|Any CPU
		{DB6B3B02-BF30-4615-B9AF-4AA1CA222C82}.Debug|Any CPU.ActiveCfg = Debug|Any CPU
		{DB6B3B02-BF30-4615-B9AF-4AA1CA222C82}.Debug|Any CPU.Build.0 = Debug|Any CPU
		{DB6B3B02-BF30-4615-B9AF-4AA1CA222C82}.Release|Any CPU.ActiveCfg = Release|Any CPU
		{DB6B3B02-BF30-4615-B9AF-4AA1CA222C82}.Release|Any CPU.Build.0 = Release|Any CPU
	EndGlobalSection
	GlobalSection(SolutionProperties) = preSolution
		HideSolutionNode = FALSE
	EndGlobalSection
EndGlobal
